// !$*UTF8*$!
{
	archiveVersion = 1;
	classes = {
	};
	objectVersion = 55;
	objects = {

/* Begin PBXBuildFile section */
		903747C32894B077008C7A21 /* AppDelegate.swift in Sources */ = {isa = PBXBuildFile; fileRef = 903747C22894B077008C7A21 /* AppDelegate.swift */; };
		903747C52894B077008C7A21 /* SceneDelegate.swift in Sources */ = {isa = PBXBuildFile; fileRef = 903747C42894B077008C7A21 /* SceneDelegate.swift */; };
		903747C72894B077008C7A21 /* MainViewController.swift in Sources */ = {isa = PBXBuildFile; fileRef = 903747C62894B077008C7A21 /* MainViewController.swift */; };
		903747CA2894B077008C7A21 /* Main.storyboard in Resources */ = {isa = PBXBuildFile; fileRef = 903747C82894B077008C7A21 /* Main.storyboard */; };
		903747CC2894B079008C7A21 /* Assets.xcassets in Resources */ = {isa = PBXBuildFile; fileRef = 903747CB2894B079008C7A21 /* Assets.xcassets */; };
		903747CF2894B079008C7A21 /* LaunchScreen.storyboard in Resources */ = {isa = PBXBuildFile; fileRef = 903747CD2894B079008C7A21 /* LaunchScreen.storyboard */; };
		903747DA2894B07A008C7A21 /* view_related_NotificationsTests.swift in Sources */ = {isa = PBXBuildFile; fileRef = 903747D92894B07A008C7A21 /* view_related_NotificationsTests.swift */; };
		903747E42894B07A008C7A21 /* view_related_NotificationsUITests.swift in Sources */ = {isa = PBXBuildFile; fileRef = 903747E32894B07A008C7A21 /* view_related_NotificationsUITests.swift */; };
		903747E62894B07A008C7A21 /* view_related_NotificationsUITestsLaunchTests.swift in Sources */ = {isa = PBXBuildFile; fileRef = 903747E52894B07A008C7A21 /* view_related_NotificationsUITestsLaunchTests.swift */; };
		903747F32894B2A5008C7A21 /* NextViewController.swift in Sources */ = {isa = PBXBuildFile; fileRef = 903747F22894B2A5008C7A21 /* NextViewController.swift */; };
/* End PBXBuildFile section */

/* Begin PBXContainerItemProxy section */
		903747D62894B07A008C7A21 /* PBXContainerItemProxy */ = {
			isa = PBXContainerItemProxy;
			containerPortal = 903747B72894B077008C7A21 /* Project object */;
			proxyType = 1;
			remoteGlobalIDString = 903747BE2894B077008C7A21;
			remoteInfo = "view-related-Notifications";
		};
		903747E02894B07A008C7A21 /* PBXContainerItemProxy */ = {
			isa = PBXContainerItemProxy;
			containerPortal = 903747B72894B077008C7A21 /* Project object */;
			proxyType = 1;
			remoteGlobalIDString = 903747BE2894B077008C7A21;
			remoteInfo = "view-related-Notifications";
		};
/* End PBXContainerItemProxy section */

/* Begin PBXFileReference section */
		903747BF2894B077008C7A21 /* view-related-Notifications.app */ = {isa = PBXFileReference; explicitFileType = wrapper.application; includeInIndex = 0; path = "view-related-Notifications.app"; sourceTree = BUILT_PRODUCTS_DIR; };
		903747C22894B077008C7A21 /* AppDelegate.swift */ = {isa = PBXFileReference; lastKnownFileType = sourcecode.swift; path = AppDelegate.swift; sourceTree = "<group>"; };
		903747C42894B077008C7A21 /* SceneDelegate.swift */ = {isa = PBXFileReference; lastKnownFileType = sourcecode.swift; path = SceneDelegate.swift; sourceTree = "<group>"; };
		903747C62894B077008C7A21 /* MainViewController.swift */ = {isa = PBXFileReference; lastKnownFileType = sourcecode.swift; path = MainViewController.swift; sourceTree = "<group>"; };
		903747C92894B077008C7A21 /* Base */ = {isa = PBXFileReference; lastKnownFileType = file.storyboard; name = Base; path = Base.lproj/Main.storyboard; sourceTree = "<group>"; };
		903747CB2894B079008C7A21 /* Assets.xcassets */ = {isa = PBXFileReference; lastKnownFileType = folder.assetcatalog; path = Assets.xcassets; sourceTree = "<group>"; };
		903747CE2894B079008C7A21 /* Base */ = {isa = PBXFileReference; lastKnownFileType = file.storyboard; name = Base; path = Base.lproj/LaunchScreen.storyboard; sourceTree = "<group>"; };
		903747D02894B079008C7A21 /* Info.plist */ = {isa = PBXFileReference; lastKnownFileType = text.plist.xml; path = Info.plist; sourceTree = "<group>"; };
		903747D52894B07A008C7A21 /* view-related-NotificationsTests.xctest */ = {isa = PBXFileReference; explicitFileType = wrapper.cfbundle; includeInIndex = 0; path = "view-related-NotificationsTests.xctest"; sourceTree = BUILT_PRODUCTS_DIR; };
		903747D92894B07A008C7A21 /* view_related_NotificationsTests.swift */ = {isa = PBXFileReference; lastKnownFileType = sourcecode.swift; path = view_related_NotificationsTests.swift; sourceTree = "<group>"; };
		903747DF2894B07A008C7A21 /* view-related-NotificationsUITests.xctest */ = {isa = PBXFileReference; explicitFileType = wrapper.cfbundle; includeInIndex = 0; path = "view-related-NotificationsUITests.xctest"; sourceTree = BUILT_PRODUCTS_DIR; };
		903747E32894B07A008C7A21 /* view_related_NotificationsUITests.swift */ = {isa = PBXFileReference; lastKnownFileType = sourcecode.swift; path = view_related_NotificationsUITests.swift; sourceTree = "<group>"; };
		903747E52894B07A008C7A21 /* view_related_NotificationsUITestsLaunchTests.swift */ = {isa = PBXFileReference; lastKnownFileType = sourcecode.swift; path = view_related_NotificationsUITestsLaunchTests.swift; sourceTree = "<group>"; };
		903747F22894B2A5008C7A21 /* NextViewController.swift */ = {isa = PBXFileReference; lastKnownFileType = sourcecode.swift; path = NextViewController.swift; sourceTree = "<group>"; };
/* End PBXFileReference section */

/* Begin PBXFrameworksBuildPhase section */
		903747BC2894B077008C7A21 /* Frameworks */ = {
			isa = PBXFrameworksBuildPhase;
			buildActionMask = 2147483647;
			files = (
			);
			runOnlyForDeploymentPostprocessing = 0;
		};
		903747D22894B07A008C7A21 /* Frameworks */ = {
			isa = PBXFrameworksBuildPhase;
			buildActionMask = 2147483647;
			files = (
			);
			runOnlyForDeploymentPostprocessing = 0;
		};
		903747DC2894B07A008C7A21 /* Frameworks */ = {
			isa = PBXFrameworksBuildPhase;
			buildActionMask = 2147483647;
			files = (
			);
			runOnlyForDeploymentPostprocessing = 0;
		};
/* End PBXFrameworksBuildPhase section */

/* Begin PBXGroup section */
		903747B62894B077008C7A21 = {
			isa = PBXGroup;
			children = (
				903747C12894B077008C7A21 /* view-related-Notifications */,
				903747D82894B07A008C7A21 /* view-related-NotificationsTests */,
				903747E22894B07A008C7A21 /* view-related-NotificationsUITests */,
				903747C02894B077008C7A21 /* Products */,
			);
			sourceTree = "<group>";
		};
		903747C02894B077008C7A21 /* Products */ = {
			isa = PBXGroup;
			children = (
				903747BF2894B077008C7A21 /* view-related-Notifications.app */,
				903747D52894B07A008C7A21 /* view-related-NotificationsTests.xctest */,
				903747DF2894B07A008C7A21 /* view-related-NotificationsUITests.xctest */,
			);
			name = Products;
			sourceTree = "<group>";
		};
		903747C12894B077008C7A21 /* view-related-Notifications */ = {
			isa = PBXGroup;
			children = (
				903747C22894B077008C7A21 /* AppDelegate.swift */,
				903747C42894B077008C7A21 /* SceneDelegate.swift */,
				903747C62894B077008C7A21 /* MainViewController.swift */,
				903747F22894B2A5008C7A21 /* NextViewController.swift */,
				903747C82894B077008C7A21 /* Main.storyboard */,
				903747CB2894B079008C7A21 /* Assets.xcassets */,
				903747CD2894B079008C7A21 /* LaunchScreen.storyboard */,
				903747D02894B079008C7A21 /* Info.plist */,
			);
			path = "view-related-Notifications";
			sourceTree = "<group>";
		};
		903747D82894B07A008C7A21 /* view-related-NotificationsTests */ = {
			isa = PBXGroup;
			children = (
				903747D92894B07A008C7A21 /* view_related_NotificationsTests.swift */,
			);
			path = "view-related-NotificationsTests";
			sourceTree = "<group>";
		};
		903747E22894B07A008C7A21 /* view-related-NotificationsUITests */ = {
			isa = PBXGroup;
			children = (
				903747E32894B07A008C7A21 /* view_related_NotificationsUITests.swift */,
				903747E52894B07A008C7A21 /* view_related_NotificationsUITestsLaunchTests.swift */,
			);
			path = "view-related-NotificationsUITests";
			sourceTree = "<group>";
		};
/* End PBXGroup section */

/* Begin PBXNativeTarget section */
		903747BE2894B077008C7A21 /* view-related-Notifications */ = {
			isa = PBXNativeTarget;
			buildConfigurationList = 903747E92894B07A008C7A21 /* Build configuration list for PBXNativeTarget "view-related-Notifications" */;
			buildPhases = (
				903747BB2894B077008C7A21 /* Sources */,
				903747BC2894B077008C7A21 /* Frameworks */,
				903747BD2894B077008C7A21 /* Resources */,
			);
			buildRules = (
			);
			dependencies = (
			);
			name = "view-related-Notifications";
			productName = "view-related-Notifications";
			productReference = 903747BF2894B077008C7A21 /* view-related-Notifications.app */;
			productType = "com.apple.product-type.application";
		};
		903747D42894B07A008C7A21 /* view-related-NotificationsTests */ = {
			isa = PBXNativeTarget;
			buildConfigurationList = 903747EC2894B07A008C7A21 /* Build configuration list for PBXNativeTarget "view-related-NotificationsTests" */;
			buildPhases = (
				903747D12894B07A008C7A21 /* Sources */,
				903747D22894B07A008C7A21 /* Frameworks */,
				903747D32894B07A008C7A21 /* Resources */,
			);
			buildRules = (
			);
			dependencies = (
				903747D72894B07A008C7A21 /* PBXTargetDependency */,
			);
			name = "view-related-NotificationsTests";
			productName = "view-related-NotificationsTests";
			productReference = 903747D52894B07A008C7A21 /* view-related-NotificationsTests.xctest */;
			productType = "com.apple.product-type.bundle.unit-test";
		};
		903747DE2894B07A008C7A21 /* view-related-NotificationsUITests */ = {
			isa = PBXNativeTarget;
			buildConfigurationList = 903747EF2894B07A008C7A21 /* Build configuration list for PBXNativeTarget "view-related-NotificationsUITests" */;
			buildPhases = (
				903747DB2894B07A008C7A21 /* Sources */,
				903747DC2894B07A008C7A21 /* Frameworks */,
				903747DD2894B07A008C7A21 /* Resources */,
			);
			buildRules = (
			);
			dependencies = (
				903747E12894B07A008C7A21 /* PBXTargetDependency */,
			);
			name = "view-related-NotificationsUITests";
			productName = "view-related-NotificationsUITests";
			productReference = 903747DF2894B07A008C7A21 /* view-related-NotificationsUITests.xctest */;
			productType = "com.apple.product-type.bundle.ui-testing";
		};
/* End PBXNativeTarget section */

/* Begin PBXProject section */
		903747B72894B077008C7A21 /* Project object */ = {
			isa = PBXProject;
			attributes = {
				BuildIndependentTargetsInParallel = 1;
				LastSwiftUpdateCheck = 1340;
				LastUpgradeCheck = 1340;
				TargetAttributes = {
					903747BE2894B077008C7A21 = {
						CreatedOnToolsVersion = 13.4.1;
					};
					903747D42894B07A008C7A21 = {
						CreatedOnToolsVersion = 13.4.1;
						TestTargetID = 903747BE2894B077008C7A21;
					};
					903747DE2894B07A008C7A21 = {
						CreatedOnToolsVersion = 13.4.1;
						TestTargetID = 903747BE2894B077008C7A21;
					};
				};
			};
			buildConfigurationList = 903747BA2894B077008C7A21 /* Build configuration list for PBXProject "view-related-Notifications" */;
			compatibilityVersion = "Xcode 13.0";
			developmentRegion = en;
			hasScannedForEncodings = 0;
			knownRegions = (
				en,
				Base,
			);
			mainGroup = 903747B62894B077008C7A21;
			productRefGroup = 903747C02894B077008C7A21 /* Products */;
			projectDirPath = "";
			projectRoot = "";
			targets = (
				903747BE2894B077008C7A21 /* view-related-Notifications */,
				903747D42894B07A008C7A21 /* view-related-NotificationsTests */,
				903747DE2894B07A008C7A21 /* view-related-NotificationsUITests */,
			);
		};
/* End PBXProject section */

/* Begin PBXResourcesBuildPhase section */
		903747BD2894B077008C7A21 /* Resources */ = {
			isa = PBXResourcesBuildPhase;
			buildActionMask = 2147483647;
			files = (
				903747CF2894B079008C7A21 /* LaunchScreen.storyboard in Resources */,
				903747CC2894B079008C7A21 /* Assets.xcassets in Resources */,
				903747CA2894B077008C7A21 /* Main.storyboard in Resources */,
			);
			runOnlyForDeploymentPostprocessing = 0;
		};
		903747D32894B07A008C7A21 /* Resources */ = {
			isa = PBXResourcesBuildPhase;
			buildActionMask = 2147483647;
			files = (
			);
			runOnlyForDeploymentPostprocessing = 0;
		};
		903747DD2894B07A008C7A21 /* Resources */ = {
			isa = PBXResourcesBuildPhase;
			buildActionMask = 2147483647;
			files = (
			);
			runOnlyForDeploymentPostprocessing = 0;
		};
/* End PBXResourcesBuildPhase section */

/* Begin PBXSourcesBuildPhase section */
		903747BB2894B077008C7A21 /* Sources */ = {
			isa = PBXSourcesBuildPhase;
			buildActionMask = 2147483647;
			files = (
				903747C72894B077008C7A21 /* MainViewController.swift in Sources */,
				903747F32894B2A5008C7A21 /* NextViewController.swift in Sources */,
				903747C32894B077008C7A21 /* AppDelegate.swift in Sources */,
				903747C52894B077008C7A21 /* SceneDelegate.swift in Sources */,
			);
			runOnlyForDeploymentPostprocessing = 0;
		};
		903747D12894B07A008C7A21 /* Sources */ = {
			isa = PBXSourcesBuildPhase;
			buildActionMask = 2147483647;
			files = (
				903747DA2894B07A008C7A21 /* view_related_NotificationsTests.swift in Sources */,
			);
			runOnlyForDeploymentPostprocessing = 0;
		};
		903747DB2894B07A008C7A21 /* Sources */ = {
			isa = PBXSourcesBuildPhase;
			buildActionMask = 2147483647;
			files = (
				903747E62894B07A008C7A21 /* view_related_NotificationsUITestsLaunchTests.swift in Sources */,
				903747E42894B07A008C7A21 /* view_related_NotificationsUITests.swift in Sources */,
			);
			runOnlyForDeploymentPostprocessing = 0;
		};
/* End PBXSourcesBuildPhase section */

/* Begin PBXTargetDependency section */
		903747D72894B07A008C7A21 /* PBXTargetDependency */ = {
			isa = PBXTargetDependency;
			target = 903747BE2894B077008C7A21 /* view-related-Notifications */;
			targetProxy = 903747D62894B07A008C7A21 /* PBXContainerItemProxy */;
		};
		903747E12894B07A008C7A21 /* PBXTargetDependency */ = {
			isa = PBXTargetDependency;
			target = 903747BE2894B077008C7A21 /* view-related-Notifications */;
			targetProxy = 903747E02894B07A008C7A21 /* PBXContainerItemProxy */;
		};
/* End PBXTargetDependency section */

/* Begin PBXVariantGroup section */
		903747C82894B077008C7A21 /* Main.storyboard */ = {
			isa = PBXVariantGroup;
			children = (
				903747C92894B077008C7A21 /* Base */,
			);
			name = Main.storyboard;
			sourceTree = "<group>";
		};
		903747CD2894B079008C7A21 /* LaunchScreen.storyboard */ = {
			isa = PBXVariantGroup;
			children = (
				903747CE2894B079008C7A21 /* Base */,
			);
			name = LaunchScreen.storyboard;
			sourceTree = "<group>";
		};
/* End PBXVariantGroup section */

/* Begin XCBuildConfiguration section */
		903747E72894B07A008C7A21 /* Debug */ = {
			isa = XCBuildConfiguration;
			buildSettings = {
				ALWAYS_SEARCH_USER_PATHS = NO;
				CLANG_ANALYZER_NONNULL = YES;
				CLANG_ANALYZER_NUMBER_OBJECT_CONVERSION = YES_AGGRESSIVE;
				CLANG_CXX_LANGUAGE_STANDARD = "gnu++17";
				CLANG_ENABLE_MODULES = YES;
				CLANG_ENABLE_OBJC_ARC = YES;
				CLANG_ENABLE_OBJC_WEAK = YES;
				CLANG_WARN_BLOCK_CAPTURE_AUTORELEASING = YES;
				CLANG_WARN_BOOL_CONVERSION = YES;
				CLANG_WARN_COMMA = YES;
				CLANG_WARN_CONSTANT_CONVERSION = YES;
				CLANG_WARN_DEPRECATED_OBJC_IMPLEMENTATIONS = YES;
				CLANG_WARN_DIRECT_OBJC_ISA_USAGE = YES_ERROR;
				CLANG_WARN_DOCUMENTATION_COMMENTS = YES;
				CLANG_WARN_EMPTY_BODY = YES;
				CLANG_WARN_ENUM_CONVERSION = YES;
				CLANG_WARN_INFINITE_RECURSION = YES;
				CLANG_WARN_INT_CONVERSION = YES;
				CLANG_WARN_NON_LITERAL_NULL_CONVERSION = YES;
				CLANG_WARN_OBJC_IMPLICIT_RETAIN_SELF = YES;
				CLANG_WARN_OBJC_LITERAL_CONVERSION = YES;
				CLANG_WARN_OBJC_ROOT_CLASS = YES_ERROR;
				CLANG_WARN_QUOTED_INCLUDE_IN_FRAMEWORK_HEADER = YES;
				CLANG_WARN_RANGE_LOOP_ANALYSIS = YES;
				CLANG_WARN_STRICT_PROTOTYPES = YES;
				CLANG_WARN_SUSPICIOUS_MOVE = YES;
				CLANG_WARN_UNGUARDED_AVAILABILITY = YES_AGGRESSIVE;
				CLANG_WARN_UNREACHABLE_CODE = YES;
				CLANG_WARN__DUPLICATE_METHOD_MATCH = YES;
				COPY_PHASE_STRIP = NO;
				DEBUG_INFORMATION_FORMAT = dwarf;
				ENABLE_STRICT_OBJC_MSGSEND = YES;
				ENABLE_TESTABILITY = YES;
				GCC_C_LANGUAGE_STANDARD = gnu11;
				GCC_DYNAMIC_NO_PIC = NO;
				GCC_NO_COMMON_BLOCKS = YES;
				GCC_OPTIMIZATION_LEVEL = 0;
				GCC_PREPROCESSOR_DEFINITIONS = (
					"DEBUG=1",
					"$(inherited)",
				);
				GCC_WARN_64_TO_32_BIT_CONVERSION = YES;
				GCC_WARN_ABOUT_RETURN_TYPE = YES_ERROR;
				GCC_WARN_UNDECLARED_SELECTOR = YES;
				GCC_WARN_UNINITIALIZED_AUTOS = YES_AGGRESSIVE;
				GCC_WARN_UNUSED_FUNCTION = YES;
				GCC_WARN_UNUSED_VARIABLE = YES;
				IPHONEOS_DEPLOYMENT_TARGET = 15.5;
				MTL_ENABLE_DEBUG_INFO = INCLUDE_SOURCE;
				MTL_FAST_MATH = YES;
				ONLY_ACTIVE_ARCH = YES;
				SDKROOT = iphoneos;
				SWIFT_ACTIVE_COMPILATION_CONDITIONS = DEBUG;
				SWIFT_OPTIMIZATION_LEVEL = "-Onone";
			};
			name = Debug;
		};
		903747E82894B07A008C7A21 /* Release */ = {
			isa = XCBuildConfiguration;
			buildSettings = {
				ALWAYS_SEARCH_USER_PATHS = NO;
				CLANG_ANALYZER_NONNULL = YES;
				CLANG_ANALYZER_NUMBER_OBJECT_CONVERSION = YES_AGGRESSIVE;
				CLANG_CXX_LANGUAGE_STANDARD = "gnu++17";
				CLANG_ENABLE_MODULES = YES;
				CLANG_ENABLE_OBJC_ARC = YES;
				CLANG_ENABLE_OBJC_WEAK = YES;
				CLANG_WARN_BLOCK_CAPTURE_AUTORELEASING = YES;
				CLANG_WARN_BOOL_CONVERSION = YES;
				CLANG_WARN_COMMA = YES;
				CLANG_WARN_CONSTANT_CONVERSION = YES;
				CLANG_WARN_DEPRECATED_OBJC_IMPLEMENTATIONS = YES;
				CLANG_WARN_DIRECT_OBJC_ISA_USAGE = YES_ERROR;
				CLANG_WARN_DOCUMENTATION_COMMENTS = YES;
				CLANG_WARN_EMPTY_BODY = YES;
				CLANG_WARN_ENUM_CONVERSION = YES;
				CLANG_WARN_INFINITE_RECURSION = YES;
				CLANG_WARN_INT_CONVERSION = YES;
				CLANG_WARN_NON_LITERAL_NULL_CONVERSION = YES;
				CLANG_WARN_OBJC_IMPLICIT_RETAIN_SELF = YES;
				CLANG_WARN_OBJC_LITERAL_CONVERSION = YES;
				CLANG_WARN_OBJC_ROOT_CLASS = YES_ERROR;
				CLANG_WARN_QUOTED_INCLUDE_IN_FRAMEWORK_HEADER = YES;
				CLANG_WARN_RANGE_LOOP_ANALYSIS = YES;
				CLANG_WARN_STRICT_PROTOTYPES = YES;
				CLANG_WARN_SUSPICIOUS_MOVE = YES;
				CLANG_WARN_UNGUARDED_AVAILABILITY = YES_AGGRESSIVE;
				CLANG_WARN_UNREACHABLE_CODE = YES;
				CLANG_WARN__DUPLICATE_METHOD_MATCH = YES;
				COPY_PHASE_STRIP = NO;
				DEBUG_INFORMATION_FORMAT = "dwarf-with-dsym";
				ENABLE_NS_ASSERTIONS = NO;
				ENABLE_STRICT_OBJC_MSGSEND = YES;
				GCC_C_LANGUAGE_STANDARD = gnu11;
				GCC_NO_COMMON_BLOCKS = YES;
				GCC_WARN_64_TO_32_BIT_CONVERSION = YES;
				GCC_WARN_ABOUT_RETURN_TYPE = YES_ERROR;
				GCC_WARN_UNDECLARED_SELECTOR = YES;
				GCC_WARN_UNINITIALIZED_AUTOS = YES_AGGRESSIVE;
				GCC_WARN_UNUSED_FUNCTION = YES;
				GCC_WARN_UNUSED_VARIABLE = YES;
				IPHONEOS_DEPLOYMENT_TARGET = 15.5;
				MTL_ENABLE_DEBUG_INFO = NO;
				MTL_FAST_MATH = YES;
				SDKROOT = iphoneos;
				SWIFT_COMPILATION_MODE = wholemodule;
				SWIFT_OPTIMIZATION_LEVEL = "-O";
				VALIDATE_PRODUCT = YES;
			};
			name = Release;
		};
		903747EA2894B07A008C7A21 /* Debug */ = {
			isa = XCBuildConfiguration;
			buildSettings = {
				ASSETCATALOG_COMPILER_APPICON_NAME = AppIcon;
				ASSETCATALOG_COMPILER_GLOBAL_ACCENT_COLOR_NAME = AccentColor;
				CODE_SIGN_STYLE = Automatic;
				CURRENT_PROJECT_VERSION = 1;
				DEVELOPMENT_TEAM = GDKDK6KP5Z;
				GENERATE_INFOPLIST_FILE = YES;
				INFOPLIST_FILE = "view-related-Notifications/Info.plist";
				INFOPLIST_KEY_UIApplicationSupportsIndirectInputEvents = YES;
				INFOPLIST_KEY_UILaunchStoryboardName = LaunchScreen;
				INFOPLIST_KEY_UIMainStoryboardFile = Main;
				INFOPLIST_KEY_UISupportedInterfaceOrientations_iPad = "UIInterfaceOrientationPortrait UIInterfaceOrientationPortraitUpsideDown UIInterfaceOrientationLandscapeLeft UIInterfaceOrientationLandscapeRight";
				INFOPLIST_KEY_UISupportedInterfaceOrientations_iPhone = "UIInterfaceOrientationPortrait UIInterfaceOrientationLandscapeLeft UIInterfaceOrientationLandscapeRight";
				LD_RUNPATH_SEARCH_PATHS = (
					"$(inherited)",
					"@executable_path/Frameworks",
				);
				MARKETING_VERSION = 1.0;
				PRODUCT_BUNDLE_IDENTIFIER = "-33.co";
				PRODUCT_NAME = "$(TARGET_NAME)";
				SWIFT_EMIT_LOC_STRINGS = YES;
				SWIFT_VERSION = 5.0;
				TARGETED_DEVICE_FAMILY = "1,2";
			};
			name = Debug;
		};
		903747EB2894B07A008C7A21 /* Release */ = {
			isa = XCBuildConfiguration;
			buildSettings = {
				ASSETCATALOG_COMPILER_APPICON_NAME = AppIcon;
				ASSETCATALOG_COMPILER_GLOBAL_ACCENT_COLOR_NAME = AccentColor;
				CODE_SIGN_STYLE = Automatic;
				CURRENT_PROJECT_VERSION = 1;
				DEVELOPMENT_TEAM = GDKDK6KP5Z;
				GENERATE_INFOPLIST_FILE = YES;
				INFOPLIST_FILE = "view-related-Notifications/Info.plist";
				INFOPLIST_KEY_UIApplicationSupportsIndirectInputEvents = YES;
				INFOPLIST_KEY_UILaunchStoryboardName = LaunchScreen;
				INFOPLIST_KEY_UIMainStoryboardFile = Main;
				INFOPLIST_KEY_UISupportedInterfaceOrientations_iPad = "UIInterfaceOrientationPortrait UIInterfaceOrientationPortraitUpsideDown UIInterfaceOrientationLandscapeLeft UIInterfaceOrientationLandscapeRight";
				INFOPLIST_KEY_UISupportedInterfaceOrientations_iPhone = "UIInterfaceOrientationPortrait UIInterfaceOrientationLandscapeLeft UIInterfaceOrientationLandscapeRight";
				LD_RUNPATH_SEARCH_PATHS = (
					"$(inherited)",
					"@executable_path/Frameworks",
				);
				MARKETING_VERSION = 1.0;
				PRODUCT_BUNDLE_IDENTIFIER = "-33.co";
				PRODUCT_NAME = "$(TARGET_NAME)";
				SWIFT_EMIT_LOC_STRINGS = YES;
				SWIFT_VERSION = 5.0;
				TARGETED_DEVICE_FAMILY = "1,2";
			};
			name = Release;
		};
		903747ED2894B07A008C7A21 /* Debug */ = {
			isa = XCBuildConfiguration;
			buildSettings = {
				ALWAYS_EMBED_SWIFT_STANDARD_LIBRARIES = YES;
				BUNDLE_LOADER = "$(TEST_HOST)";
				CODE_SIGN_STYLE = Automatic;
				CURRENT_PROJECT_VERSION = 1;
				DEVELOPMENT_TEAM = GDKDK6KP5Z;
				GENERATE_INFOPLIST_FILE = YES;
				IPHONEOS_DEPLOYMENT_TARGET = 15.5;
				MARKETING_VERSION = 1.0;
				PRODUCT_BUNDLE_IDENTIFIER = "com.apple.sample.view.related.notification.view-related-NotificationsTests";
				PRODUCT_NAME = "$(TARGET_NAME)";
				SWIFT_EMIT_LOC_STRINGS = NO;
				SWIFT_VERSION = 5.0;
				TARGETED_DEVICE_FAMILY = "1,2";
				TEST_HOST = "$(BUILT_PRODUCTS_DIR)/view-related-Notifications.app/view-related-Notifications";
			};
			name = Debug;
		};
		903747EE2894B07A008C7A21 /* Release */ = {
			isa = XCBuildConfiguration;
			buildSettings = {
				ALWAYS_EMBED_SWIFT_STANDARD_LIBRARIES = YES;
				BUNDLE_LOADER = "$(TEST_HOST)";
				CODE_SIGN_STYLE = Automatic;
				CURRENT_PROJECT_VERSION = 1;
				DEVELOPMENT_TEAM = GDKDK6KP5Z;
				GENERATE_INFOPLIST_FILE = YES;
				IPHONEOS_DEPLOYMENT_TARGET = 15.5;
				MARKETING_VERSION = 1.0;
				PRODUCT_BUNDLE_IDENTIFIER = "com.apple.sample.view.related.notification.view-related-NotificationsTests";
				PRODUCT_NAME = "$(TARGET_NAME)";
				SWIFT_EMIT_LOC_STRINGS = NO;
				SWIFT_VERSION = 5.0;
				TARGETED_DEVICE_FAMILY = "1,2";
				TEST_HOST = "$(BUILT_PRODUCTS_DIR)/view-related-Notifications.app/view-related-Notifications";
			};
			name = Release;
		};
		903747F02894B07A008C7A21 /* Debug */ = {
			isa = XCBuildConfiguration;
			buildSettings = {
				ALWAYS_EMBED_SWIFT_STANDARD_LIBRARIES = YES;
				CODE_SIGN_STYLE = Automatic;
				CURRENT_PROJECT_VERSION = 1;
				DEVELOPMENT_TEAM = GDKDK6KP5Z;
				GENERATE_INFOPLIST_FILE = YES;
				MARKETING_VERSION = 1.0;
				PRODUCT_BUNDLE_IDENTIFIER = "com.apple.sample.view.related.notification.view-related-NotificationsUITests";
				PRODUCT_NAME = "$(TARGET_NAME)";
				SWIFT_EMIT_LOC_STRINGS = NO;
				SWIFT_VERSION = 5.0;
				TARGETED_DEVICE_FAMILY = "1,2";
				TEST_TARGET_NAME = "view-related-Notifications";
			};
			name = Debug;
		};
		903747F12894B07A008C7A21 /* Release */ = {
			isa = XCBuildConfiguration;
			buildSettings = {
				ALWAYS_EMBED_SWIFT_STANDARD_LIBRARIES = YES;
				CODE_SIGN_STYLE = Automatic;
				CURRENT_PROJECT_VERSION = 1;
				DEVELOPMENT_TEAM = GDKDK6KP5Z;
				GENERATE_INFOPLIST_FILE = YES;
				MARKETING_VERSION = 1.0;
				PRODUCT_BUNDLE_IDENTIFIER = "com.apple.sample.view.related.notification.view-related-NotificationsUITests";
				PRODUCT_NAME = "$(TARGET_NAME)";
				SWIFT_EMIT_LOC_STRINGS = NO;
				SWIFT_VERSION = 5.0;
				TARGETED_DEVICE_FAMILY = "1,2";
				TEST_TARGET_NAME = "view-related-Notifications";
			};
			name = Release;
		};
/* End XCBuildConfiguration section */

/* Begin XCConfigurationList section */
		903747BA2894B077008C7A21 /* Build configuration list for PBXProject "view-related-Notifications" */ = {
			isa = XCConfigurationList;
			buildConfigurations = (
				903747E72894B07A008C7A21 /* Debug */,
				903747E82894B07A008C7A21 /* Release */,
			);
			defaultConfigurationIsVisible = 0;
			defaultConfigurationName = Release;
		};
		903747E92894B07A008C7A21 /* Build configuration list for PBXNativeTarget "view-related-Notifications" */ = {
			isa = XCConfigurationList;
			buildConfigurations = (
				903747EA2894B07A008C7A21 /* Debug */,
				903747EB2894B07A008C7A21 /* Release */,
			);
			defaultConfigurationIsVisible = 0;
			defaultConfigurationName = Release;
		};
		903747EC2894B07A008C7A21 /* Build configuration list for PBXNativeTarget "view-related-NotificationsTests" */ = {
			isa = XCConfigurationList;
			buildConfigurations = (
				903747ED2894B07A008C7A21 /* Debug */,
				903747EE2894B07A008C7A21 /* Release */,
			);
			defaultConfigurationIsVisible = 0;
			defaultConfigurationName = Release;
		};
		903747EF2894B07A008C7A21 /* Build configuration list for PBXNativeTarget "view-related-NotificationsUITests" */ = {
			isa = XCConfigurationList;
			buildConfigurations = (
				903747F02894B07A008C7A21 /* Debug */,
				903747F12894B07A008C7A21 /* Release */,
			);
			defaultConfigurationIsVisible = 0;
			defaultConfigurationName = Release;
		};
/* End XCConfigurationList section */
	};
	rootObject = 903747B72894B077008C7A21 /* Project object */;
}
