// !$*UTF8*$!
{
	archiveVersion = 1;
	classes = {
	};
	objectVersion = 55;
	objects = {

/* Begin PBXBuildFile section */
		90423B262882378C00F65E94 /* AppDelegate.swift in Sources */ = {isa = PBXBuildFile; fileRef = 90423B252882378C00F65E94 /* AppDelegate.swift */; };
		90423B282882378C00F65E94 /* SceneDelegate.swift in Sources */ = {isa = PBXBuildFile; fileRef = 90423B272882378C00F65E94 /* SceneDelegate.swift */; };
		90423B2A2882378C00F65E94 /* ViewController.swift in Sources */ = {isa = PBXBuildFile; fileRef = 90423B292882378C00F65E94 /* ViewController.swift */; };
		90423B2D2882378C00F65E94 /* Main.storyboard in Resources */ = {isa = PBXBuildFile; fileRef = 90423B2B2882378C00F65E94 /* Main.storyboard */; };
		90423B2F2882378D00F65E94 /* Assets.xcassets in Resources */ = {isa = PBXBuildFile; fileRef = 90423B2E2882378D00F65E94 /* Assets.xcassets */; };
		90423B322882378D00F65E94 /* LaunchScreen.storyboard in Resources */ = {isa = PBXBuildFile; fileRef = 90423B302882378D00F65E94 /* LaunchScreen.storyboard */; };
		90423B3D2882378E00F65E94 /* Sample_CollectionViewTests.swift in Sources */ = {isa = PBXBuildFile; fileRef = 90423B3C2882378E00F65E94 /* Sample_CollectionViewTests.swift */; };
		90423B472882378E00F65E94 /* Sample_CollectionViewUITests.swift in Sources */ = {isa = PBXBuildFile; fileRef = 90423B462882378E00F65E94 /* Sample_CollectionViewUITests.swift */; };
		90423B492882378E00F65E94 /* Sample_CollectionViewUITestsLaunchTests.swift in Sources */ = {isa = PBXBuildFile; fileRef = 90423B482882378E00F65E94 /* Sample_CollectionViewUITestsLaunchTests.swift */; };
		90485E3E28823E1D00362F2E /* CustomCollectionViewCell.swift in Sources */ = {isa = PBXBuildFile; fileRef = 90485E3D28823E1D00362F2E /* CustomCollectionViewCell.swift */; };
		90485E402882472400362F2E /* MosaicLayout.swift in Sources */ = {isa = PBXBuildFile; fileRef = 90485E3F2882472400362F2E /* MosaicLayout.swift */; };
		90485E422882474B00362F2E /* Utilities.swift in Sources */ = {isa = PBXBuildFile; fileRef = 90485E412882474B00362F2E /* Utilities.swift */; };
/* End PBXBuildFile section */

/* Begin PBXContainerItemProxy section */
		90423B392882378E00F65E94 /* PBXContainerItemProxy */ = {
			isa = PBXContainerItemProxy;
			containerPortal = 90423B1A2882378C00F65E94 /* Project object */;
			proxyType = 1;
			remoteGlobalIDString = 90423B212882378C00F65E94;
			remoteInfo = Sample_CollectionView;
		};
		90423B432882378E00F65E94 /* PBXContainerItemProxy */ = {
			isa = PBXContainerItemProxy;
			containerPortal = 90423B1A2882378C00F65E94 /* Project object */;
			proxyType = 1;
			remoteGlobalIDString = 90423B212882378C00F65E94;
			remoteInfo = Sample_CollectionView;
		};
/* End PBXContainerItemProxy section */

/* Begin PBXFileReference section */
		90423B222882378C00F65E94 /* Sample_CollectionView.app */ = {isa = PBXFileReference; explicitFileType = wrapper.application; includeInIndex = 0; path = Sample_CollectionView.app; sourceTree = BUILT_PRODUCTS_DIR; };
		90423B252882378C00F65E94 /* AppDelegate.swift */ = {isa = PBXFileReference; lastKnownFileType = sourcecode.swift; path = AppDelegate.swift; sourceTree = "<group>"; };
		90423B272882378C00F65E94 /* SceneDelegate.swift */ = {isa = PBXFileReference; lastKnownFileType = sourcecode.swift; path = SceneDelegate.swift; sourceTree = "<group>"; };
		90423B292882378C00F65E94 /* ViewController.swift */ = {isa = PBXFileReference; lastKnownFileType = sourcecode.swift; path = ViewController.swift; sourceTree = "<group>"; };
		90423B2C2882378C00F65E94 /* Base */ = {isa = PBXFileReference; lastKnownFileType = file.storyboard; name = Base; path = Base.lproj/Main.storyboard; sourceTree = "<group>"; };
		90423B2E2882378D00F65E94 /* Assets.xcassets */ = {isa = PBXFileReference; lastKnownFileType = folder.assetcatalog; path = Assets.xcassets; sourceTree = "<group>"; };
		90423B312882378D00F65E94 /* Base */ = {isa = PBXFileReference; lastKnownFileType = file.storyboard; name = Base; path = Base.lproj/LaunchScreen.storyboard; sourceTree = "<group>"; };
		90423B332882378D00F65E94 /* Info.plist */ = {isa = PBXFileReference; lastKnownFileType = text.plist.xml; path = Info.plist; sourceTree = "<group>"; };
		90423B382882378E00F65E94 /* Sample_CollectionViewTests.xctest */ = {isa = PBXFileReference; explicitFileType = wrapper.cfbundle; includeInIndex = 0; path = Sample_CollectionViewTests.xctest; sourceTree = BUILT_PRODUCTS_DIR; };
		90423B3C2882378E00F65E94 /* Sample_CollectionViewTests.swift */ = {isa = PBXFileReference; lastKnownFileType = sourcecode.swift; path = Sample_CollectionViewTests.swift; sourceTree = "<group>"; };
		90423B422882378E00F65E94 /* Sample_CollectionViewUITests.xctest */ = {isa = PBXFileReference; explicitFileType = wrapper.cfbundle; includeInIndex = 0; path = Sample_CollectionViewUITests.xctest; sourceTree = BUILT_PRODUCTS_DIR; };
		90423B462882378E00F65E94 /* Sample_CollectionViewUITests.swift */ = {isa = PBXFileReference; lastKnownFileType = sourcecode.swift; path = Sample_CollectionViewUITests.swift; sourceTree = "<group>"; };
		90423B482882378E00F65E94 /* Sample_CollectionViewUITestsLaunchTests.swift */ = {isa = PBXFileReference; lastKnownFileType = sourcecode.swift; path = Sample_CollectionViewUITestsLaunchTests.swift; sourceTree = "<group>"; };
		90485E3D28823E1D00362F2E /* CustomCollectionViewCell.swift */ = {isa = PBXFileReference; lastKnownFileType = sourcecode.swift; path = CustomCollectionViewCell.swift; sourceTree = "<group>"; };
		90485E3F2882472400362F2E /* MosaicLayout.swift */ = {isa = PBXFileReference; lastKnownFileType = sourcecode.swift; path = MosaicLayout.swift; sourceTree = "<group>"; };
		90485E412882474B00362F2E /* Utilities.swift */ = {isa = PBXFileReference; lastKnownFileType = sourcecode.swift; path = Utilities.swift; sourceTree = "<group>"; };
/* End PBXFileReference section */

/* Begin PBXFrameworksBuildPhase section */
		90423B1F2882378C00F65E94 /* Frameworks */ = {
			isa = PBXFrameworksBuildPhase;
			buildActionMask = 2147483647;
			files = (
			);
			runOnlyForDeploymentPostprocessing = 0;
		};
		90423B352882378E00F65E94 /* Frameworks */ = {
			isa = PBXFrameworksBuildPhase;
			buildActionMask = 2147483647;
			files = (
			);
			runOnlyForDeploymentPostprocessing = 0;
		};
		90423B3F2882378E00F65E94 /* Frameworks */ = {
			isa = PBXFrameworksBuildPhase;
			buildActionMask = 2147483647;
			files = (
			);
			runOnlyForDeploymentPostprocessing = 0;
		};
/* End PBXFrameworksBuildPhase section */

/* Begin PBXGroup section */
		90423B192882378C00F65E94 = {
			isa = PBXGroup;
			children = (
				90423B242882378C00F65E94 /* Sample_CollectionView */,
				90423B3B2882378E00F65E94 /* Sample_CollectionViewTests */,
				90423B452882378E00F65E94 /* Sample_CollectionViewUITests */,
				90423B232882378C00F65E94 /* Products */,
			);
			sourceTree = "<group>";
		};
		90423B232882378C00F65E94 /* Products */ = {
			isa = PBXGroup;
			children = (
				90423B222882378C00F65E94 /* Sample_CollectionView.app */,
				90423B382882378E00F65E94 /* Sample_CollectionViewTests.xctest */,
				90423B422882378E00F65E94 /* Sample_CollectionViewUITests.xctest */,
			);
			name = Products;
			sourceTree = "<group>";
		};
		90423B242882378C00F65E94 /* Sample_CollectionView */ = {
			isa = PBXGroup;
			children = (
				90423B252882378C00F65E94 /* AppDelegate.swift */,
				90423B272882378C00F65E94 /* SceneDelegate.swift */,
				90485E3D28823E1D00362F2E /* CustomCollectionViewCell.swift */,
				90423B292882378C00F65E94 /* ViewController.swift */,
				90485E3F2882472400362F2E /* MosaicLayout.swift */,
				90485E412882474B00362F2E /* Utilities.swift */,
				90423B2B2882378C00F65E94 /* Main.storyboard */,
				90423B2E2882378D00F65E94 /* Assets.xcassets */,
				90423B302882378D00F65E94 /* LaunchScreen.storyboard */,
				90423B332882378D00F65E94 /* Info.plist */,
			);
			path = Sample_CollectionView;
			sourceTree = "<group>";
		};
		90423B3B2882378E00F65E94 /* Sample_CollectionViewTests */ = {
			isa = PBXGroup;
			children = (
				90423B3C2882378E00F65E94 /* Sample_CollectionViewTests.swift */,
			);
			path = Sample_CollectionViewTests;
			sourceTree = "<group>";
		};
		90423B452882378E00F65E94 /* Sample_CollectionViewUITests */ = {
			isa = PBXGroup;
			children = (
				90423B462882378E00F65E94 /* Sample_CollectionViewUITests.swift */,
				90423B482882378E00F65E94 /* Sample_CollectionViewUITestsLaunchTests.swift */,
			);
			path = Sample_CollectionViewUITests;
			sourceTree = "<group>";
		};
/* End PBXGroup section */

/* Begin PBXNativeTarget section */
		90423B212882378C00F65E94 /* Sample_CollectionView */ = {
			isa = PBXNativeTarget;
			buildConfigurationList = 90423B4C2882378E00F65E94 /* Build configuration list for PBXNativeTarget "Sample_CollectionView" */;
			buildPhases = (
				90423B1E2882378C00F65E94 /* Sources */,
				90423B1F2882378C00F65E94 /* Frameworks */,
				90423B202882378C00F65E94 /* Resources */,
			);
			buildRules = (
			);
			dependencies = (
			);
			name = Sample_CollectionView;
			productName = Sample_CollectionView;
			productReference = 90423B222882378C00F65E94 /* Sample_CollectionView.app */;
			productType = "com.apple.product-type.application";
		};
		90423B372882378E00F65E94 /* Sample_CollectionViewTests */ = {
			isa = PBXNativeTarget;
			buildConfigurationList = 90423B4F2882378E00F65E94 /* Build configuration list for PBXNativeTarget "Sample_CollectionViewTests" */;
			buildPhases = (
				90423B342882378E00F65E94 /* Sources */,
				90423B352882378E00F65E94 /* Frameworks */,
				90423B362882378E00F65E94 /* Resources */,
			);
			buildRules = (
			);
			dependencies = (
				90423B3A2882378E00F65E94 /* PBXTargetDependency */,
			);
			name = Sample_CollectionViewTests;
			productName = Sample_CollectionViewTests;
			productReference = 90423B382882378E00F65E94 /* Sample_CollectionViewTests.xctest */;
			productType = "com.apple.product-type.bundle.unit-test";
		};
		90423B412882378E00F65E94 /* Sample_CollectionViewUITests */ = {
			isa = PBXNativeTarget;
			buildConfigurationList = 90423B522882378E00F65E94 /* Build configuration list for PBXNativeTarget "Sample_CollectionViewUITests" */;
			buildPhases = (
				90423B3E2882378E00F65E94 /* Sources */,
				90423B3F2882378E00F65E94 /* Frameworks */,
				90423B402882378E00F65E94 /* Resources */,
			);
			buildRules = (
			);
			dependencies = (
				90423B442882378E00F65E94 /* PBXTargetDependency */,
			);
			name = Sample_CollectionViewUITests;
			productName = Sample_CollectionViewUITests;
			productReference = 90423B422882378E00F65E94 /* Sample_CollectionViewUITests.xctest */;
			productType = "com.apple.product-type.bundle.ui-testing";
		};
/* End PBXNativeTarget section */

/* Begin PBXProject section */
		90423B1A2882378C00F65E94 /* Project object */ = {
			isa = PBXProject;
			attributes = {
				BuildIndependentTargetsInParallel = 1;
				LastSwiftUpdateCheck = 1340;
				LastUpgradeCheck = 1340;
				TargetAttributes = {
					90423B212882378C00F65E94 = {
						CreatedOnToolsVersion = 13.4.1;
					};
					90423B372882378E00F65E94 = {
						CreatedOnToolsVersion = 13.4.1;
						TestTargetID = 90423B212882378C00F65E94;
					};
					90423B412882378E00F65E94 = {
						CreatedOnToolsVersion = 13.4.1;
						TestTargetID = 90423B212882378C00F65E94;
					};
				};
			};
			buildConfigurationList = 90423B1D2882378C00F65E94 /* Build configuration list for PBXProject "Sample_CollectionView" */;
			compatibilityVersion = "Xcode 13.0";
			developmentRegion = en;
			hasScannedForEncodings = 0;
			knownRegions = (
				en,
				Base,
			);
			mainGroup = 90423B192882378C00F65E94;
			productRefGroup = 90423B232882378C00F65E94 /* Products */;
			projectDirPath = "";
			projectRoot = "";
			targets = (
				90423B212882378C00F65E94 /* Sample_CollectionView */,
				90423B372882378E00F65E94 /* Sample_CollectionViewTests */,
				90423B412882378E00F65E94 /* Sample_CollectionViewUITests */,
			);
		};
/* End PBXProject section */

/* Begin PBXResourcesBuildPhase section */
		90423B202882378C00F65E94 /* Resources */ = {
			isa = PBXResourcesBuildPhase;
			buildActionMask = 2147483647;
			files = (
				90423B322882378D00F65E94 /* LaunchScreen.storyboard in Resources */,
				90423B2F2882378D00F65E94 /* Assets.xcassets in Resources */,
				90423B2D2882378C00F65E94 /* Main.storyboard in Resources */,
			);
			runOnlyForDeploymentPostprocessing = 0;
		};
		90423B362882378E00F65E94 /* Resources */ = {
			isa = PBXResourcesBuildPhase;
			buildActionMask = 2147483647;
			files = (
			);
			runOnlyForDeploymentPostprocessing = 0;
		};
		90423B402882378E00F65E94 /* Resources */ = {
			isa = PBXResourcesBuildPhase;
			buildActionMask = 2147483647;
			files = (
			);
			runOnlyForDeploymentPostprocessing = 0;
		};
/* End PBXResourcesBuildPhase section */

/* Begin PBXSourcesBuildPhase section */
		90423B1E2882378C00F65E94 /* Sources */ = {
			isa = PBXSourcesBuildPhase;
			buildActionMask = 2147483647;
			files = (
				90485E422882474B00362F2E /* Utilities.swift in Sources */,
				90423B2A2882378C00F65E94 /* ViewController.swift in Sources */,
				90423B262882378C00F65E94 /* AppDelegate.swift in Sources */,
				90423B282882378C00F65E94 /* SceneDelegate.swift in Sources */,
				90485E402882472400362F2E /* MosaicLayout.swift in Sources */,
				90485E3E28823E1D00362F2E /* CustomCollectionViewCell.swift in Sources */,
			);
			runOnlyForDeploymentPostprocessing = 0;
		};
		90423B342882378E00F65E94 /* Sources */ = {
			isa = PBXSourcesBuildPhase;
			buildActionMask = 2147483647;
			files = (
				90423B3D2882378E00F65E94 /* Sample_CollectionViewTests.swift in Sources */,
			);
			runOnlyForDeploymentPostprocessing = 0;
		};
		90423B3E2882378E00F65E94 /* Sources */ = {
			isa = PBXSourcesBuildPhase;
			buildActionMask = 2147483647;
			files = (
				90423B472882378E00F65E94 /* Sample_CollectionViewUITests.swift in Sources */,
				90423B492882378E00F65E94 /* Sample_CollectionViewUITestsLaunchTests.swift in Sources */,
			);
			runOnlyForDeploymentPostprocessing = 0;
		};
/* End PBXSourcesBuildPhase section */

/* Begin PBXTargetDependency section */
		90423B3A2882378E00F65E94 /* PBXTargetDependency */ = {
			isa = PBXTargetDependency;
			target = 90423B212882378C00F65E94 /* Sample_CollectionView */;
			targetProxy = 90423B392882378E00F65E94 /* PBXContainerItemProxy */;
		};
		90423B442882378E00F65E94 /* PBXTargetDependency */ = {
			isa = PBXTargetDependency;
			target = 90423B212882378C00F65E94 /* Sample_CollectionView */;
			targetProxy = 90423B432882378E00F65E94 /* PBXContainerItemProxy */;
		};
/* End PBXTargetDependency section */

/* Begin PBXVariantGroup section */
		90423B2B2882378C00F65E94 /* Main.storyboard */ = {
			isa = PBXVariantGroup;
			children = (
				90423B2C2882378C00F65E94 /* Base */,
			);
			name = Main.storyboard;
			sourceTree = "<group>";
		};
		90423B302882378D00F65E94 /* LaunchScreen.storyboard */ = {
			isa = PBXVariantGroup;
			children = (
				90423B312882378D00F65E94 /* Base */,
			);
			name = LaunchScreen.storyboard;
			sourceTree = "<group>";
		};
/* End PBXVariantGroup section */

/* Begin XCBuildConfiguration section */
		90423B4A2882378E00F65E94 /* Debug */ = {
			isa = XCBuildConfiguration;
			buildSettings = {
				ALWAYS_SEARCH_USER_PATHS = NO;
				CLANG_ANALYZER_NONNULL = YES;
				CLANG_ANALYZER_NUMBER_OBJECT_CONVERSION = YES_AGGRESSIVE;
				CLANG_CXX_LANGUAGE_STANDARD = "gnu++17";
				CLANG_ENABLE_MODULES = YES;
				CLANG_ENABLE_OBJC_ARC = YES;
				CLANG_ENABLE_OBJC_WEAK = YES;
				CLANG_WARN_BLOCK_CAPTURE_AUTORELEASING = YES;
				CLANG_WARN_BOOL_CONVERSION = YES;
				CLANG_WARN_COMMA = YES;
				CLANG_WARN_CONSTANT_CONVERSION = YES;
				CLANG_WARN_DEPRECATED_OBJC_IMPLEMENTATIONS = YES;
				CLANG_WARN_DIRECT_OBJC_ISA_USAGE = YES_ERROR;
				CLANG_WARN_DOCUMENTATION_COMMENTS = YES;
				CLANG_WARN_EMPTY_BODY = YES;
				CLANG_WARN_ENUM_CONVERSION = YES;
				CLANG_WARN_INFINITE_RECURSION = YES;
				CLANG_WARN_INT_CONVERSION = YES;
				CLANG_WARN_NON_LITERAL_NULL_CONVERSION = YES;
				CLANG_WARN_OBJC_IMPLICIT_RETAIN_SELF = YES;
				CLANG_WARN_OBJC_LITERAL_CONVERSION = YES;
				CLANG_WARN_OBJC_ROOT_CLASS = YES_ERROR;
				CLANG_WARN_QUOTED_INCLUDE_IN_FRAMEWORK_HEADER = YES;
				CLANG_WARN_RANGE_LOOP_ANALYSIS = YES;
				CLANG_WARN_STRICT_PROTOTYPES = YES;
				CLANG_WARN_SUSPICIOUS_MOVE = YES;
				CLANG_WARN_UNGUARDED_AVAILABILITY = YES_AGGRESSIVE;
				CLANG_WARN_UNREACHABLE_CODE = YES;
				CLANG_WARN__DUPLICATE_METHOD_MATCH = YES;
				COPY_PHASE_STRIP = NO;
				DEBUG_INFORMATION_FORMAT = dwarf;
				ENABLE_STRICT_OBJC_MSGSEND = YES;
				ENABLE_TESTABILITY = YES;
				GCC_C_LANGUAGE_STANDARD = gnu11;
				GCC_DYNAMIC_NO_PIC = NO;
				GCC_NO_COMMON_BLOCKS = YES;
				GCC_OPTIMIZATION_LEVEL = 0;
				GCC_PREPROCESSOR_DEFINITIONS = (
					"DEBUG=1",
					"$(inherited)",
				);
				GCC_WARN_64_TO_32_BIT_CONVERSION = YES;
				GCC_WARN_ABOUT_RETURN_TYPE = YES_ERROR;
				GCC_WARN_UNDECLARED_SELECTOR = YES;
				GCC_WARN_UNINITIALIZED_AUTOS = YES_AGGRESSIVE;
				GCC_WARN_UNUSED_FUNCTION = YES;
				GCC_WARN_UNUSED_VARIABLE = YES;
				IPHONEOS_DEPLOYMENT_TARGET = 15.5;
				MTL_ENABLE_DEBUG_INFO = INCLUDE_SOURCE;
				MTL_FAST_MATH = YES;
				ONLY_ACTIVE_ARCH = YES;
				SDKROOT = iphoneos;
				SWIFT_ACTIVE_COMPILATION_CONDITIONS = DEBUG;
				SWIFT_OPTIMIZATION_LEVEL = "-Onone";
			};
			name = Debug;
		};
		90423B4B2882378E00F65E94 /* Release */ = {
			isa = XCBuildConfiguration;
			buildSettings = {
				ALWAYS_SEARCH_USER_PATHS = NO;
				CLANG_ANALYZER_NONNULL = YES;
				CLANG_ANALYZER_NUMBER_OBJECT_CONVERSION = YES_AGGRESSIVE;
				CLANG_CXX_LANGUAGE_STANDARD = "gnu++17";
				CLANG_ENABLE_MODULES = YES;
				CLANG_ENABLE_OBJC_ARC = YES;
				CLANG_ENABLE_OBJC_WEAK = YES;
				CLANG_WARN_BLOCK_CAPTURE_AUTORELEASING = YES;
				CLANG_WARN_BOOL_CONVERSION = YES;
				CLANG_WARN_COMMA = YES;
				CLANG_WARN_CONSTANT_CONVERSION = YES;
				CLANG_WARN_DEPRECATED_OBJC_IMPLEMENTATIONS = YES;
				CLANG_WARN_DIRECT_OBJC_ISA_USAGE = YES_ERROR;
				CLANG_WARN_DOCUMENTATION_COMMENTS = YES;
				CLANG_WARN_EMPTY_BODY = YES;
				CLANG_WARN_ENUM_CONVERSION = YES;
				CLANG_WARN_INFINITE_RECURSION = YES;
				CLANG_WARN_INT_CONVERSION = YES;
				CLANG_WARN_NON_LITERAL_NULL_CONVERSION = YES;
				CLANG_WARN_OBJC_IMPLICIT_RETAIN_SELF = YES;
				CLANG_WARN_OBJC_LITERAL_CONVERSION = YES;
				CLANG_WARN_OBJC_ROOT_CLASS = YES_ERROR;
				CLANG_WARN_QUOTED_INCLUDE_IN_FRAMEWORK_HEADER = YES;
				CLANG_WARN_RANGE_LOOP_ANALYSIS = YES;
				CLANG_WARN_STRICT_PROTOTYPES = YES;
				CLANG_WARN_SUSPICIOUS_MOVE = YES;
				CLANG_WARN_UNGUARDED_AVAILABILITY = YES_AGGRESSIVE;
				CLANG_WARN_UNREACHABLE_CODE = YES;
				CLANG_WARN__DUPLICATE_METHOD_MATCH = YES;
				COPY_PHASE_STRIP = NO;
				DEBUG_INFORMATION_FORMAT = "dwarf-with-dsym";
				ENABLE_NS_ASSERTIONS = NO;
				ENABLE_STRICT_OBJC_MSGSEND = YES;
				GCC_C_LANGUAGE_STANDARD = gnu11;
				GCC_NO_COMMON_BLOCKS = YES;
				GCC_WARN_64_TO_32_BIT_CONVERSION = YES;
				GCC_WARN_ABOUT_RETURN_TYPE = YES_ERROR;
				GCC_WARN_UNDECLARED_SELECTOR = YES;
				GCC_WARN_UNINITIALIZED_AUTOS = YES_AGGRESSIVE;
				GCC_WARN_UNUSED_FUNCTION = YES;
				GCC_WARN_UNUSED_VARIABLE = YES;
				IPHONEOS_DEPLOYMENT_TARGET = 15.5;
				MTL_ENABLE_DEBUG_INFO = NO;
				MTL_FAST_MATH = YES;
				SDKROOT = iphoneos;
				SWIFT_COMPILATION_MODE = wholemodule;
				SWIFT_OPTIMIZATION_LEVEL = "-O";
				VALIDATE_PRODUCT = YES;
			};
			name = Release;
		};
		90423B4D2882378E00F65E94 /* Debug */ = {
			isa = XCBuildConfiguration;
			buildSettings = {
				ASSETCATALOG_COMPILER_APPICON_NAME = AppIcon;
				ASSETCATALOG_COMPILER_GLOBAL_ACCENT_COLOR_NAME = AccentColor;
				CODE_SIGN_STYLE = Automatic;
				CURRENT_PROJECT_VERSION = 1;
				DEVELOPMENT_TEAM = GDKDK6KP5Z;
				GENERATE_INFOPLIST_FILE = YES;
				INFOPLIST_FILE = Sample_CollectionView/Info.plist;
				INFOPLIST_KEY_UIApplicationSupportsIndirectInputEvents = YES;
				INFOPLIST_KEY_UILaunchStoryboardName = LaunchScreen;
				INFOPLIST_KEY_UIMainStoryboardFile = Main;
				INFOPLIST_KEY_UISupportedInterfaceOrientations_iPad = "UIInterfaceOrientationPortrait UIInterfaceOrientationPortraitUpsideDown UIInterfaceOrientationLandscapeLeft UIInterfaceOrientationLandscapeRight";
				INFOPLIST_KEY_UISupportedInterfaceOrientations_iPhone = "UIInterfaceOrientationPortrait UIInterfaceOrientationLandscapeLeft UIInterfaceOrientationLandscapeRight";
				LD_RUNPATH_SEARCH_PATHS = (
					"$(inherited)",
					"@executable_path/Frameworks",
				);
				MARKETING_VERSION = 1.0;
				PRODUCT_BUNDLE_IDENTIFIER = "com.apple.sample.collectionview.Sample-CollectionView";
				PRODUCT_NAME = "$(TARGET_NAME)";
				SWIFT_EMIT_LOC_STRINGS = YES;
				SWIFT_VERSION = 5.0;
				TARGETED_DEVICE_FAMILY = "1,2";
			};
			name = Debug;
		};
		90423B4E2882378E00F65E94 /* Release */ = {
			isa = XCBuildConfiguration;
			buildSettings = {
				ASSETCATALOG_COMPILER_APPICON_NAME = AppIcon;
				ASSETCATALOG_COMPILER_GLOBAL_ACCENT_COLOR_NAME = AccentColor;
				CODE_SIGN_STYLE = Automatic;
				CURRENT_PROJECT_VERSION = 1;
				DEVELOPMENT_TEAM = GDKDK6KP5Z;
				GENERATE_INFOPLIST_FILE = YES;
				INFOPLIST_FILE = Sample_CollectionView/Info.plist;
				INFOPLIST_KEY_UIApplicationSupportsIndirectInputEvents = YES;
				INFOPLIST_KEY_UILaunchStoryboardName = LaunchScreen;
				INFOPLIST_KEY_UIMainStoryboardFile = Main;
				INFOPLIST_KEY_UISupportedInterfaceOrientations_iPad = "UIInterfaceOrientationPortrait UIInterfaceOrientationPortraitUpsideDown UIInterfaceOrientationLandscapeLeft UIInterfaceOrientationLandscapeRight";
				INFOPLIST_KEY_UISupportedInterfaceOrientations_iPhone = "UIInterfaceOrientationPortrait UIInterfaceOrientationLandscapeLeft UIInterfaceOrientationLandscapeRight";
				LD_RUNPATH_SEARCH_PATHS = (
					"$(inherited)",
					"@executable_path/Frameworks",
				);
				MARKETING_VERSION = 1.0;
				PRODUCT_BUNDLE_IDENTIFIER = "com.apple.sample.collectionview.Sample-CollectionView";
				PRODUCT_NAME = "$(TARGET_NAME)";
				SWIFT_EMIT_LOC_STRINGS = YES;
				SWIFT_VERSION = 5.0;
				TARGETED_DEVICE_FAMILY = "1,2";
			};
			name = Release;
		};
		90423B502882378E00F65E94 /* Debug */ = {
			isa = XCBuildConfiguration;
			buildSettings = {
				ALWAYS_EMBED_SWIFT_STANDARD_LIBRARIES = YES;
				BUNDLE_LOADER = "$(TEST_HOST)";
				CODE_SIGN_STYLE = Automatic;
				CURRENT_PROJECT_VERSION = 1;
				DEVELOPMENT_TEAM = GDKDK6KP5Z;
				GENERATE_INFOPLIST_FILE = YES;
				IPHONEOS_DEPLOYMENT_TARGET = 15.5;
				MARKETING_VERSION = 1.0;
				PRODUCT_BUNDLE_IDENTIFIER = "com.apple.sample.collectionview.Sample-CollectionViewTests";
				PRODUCT_NAME = "$(TARGET_NAME)";
				SWIFT_EMIT_LOC_STRINGS = NO;
				SWIFT_VERSION = 5.0;
				TARGETED_DEVICE_FAMILY = "1,2";
				TEST_HOST = "$(BUILT_PRODUCTS_DIR)/Sample_CollectionView.app/Sample_CollectionView";
			};
			name = Debug;
		};
		90423B512882378E00F65E94 /* Release */ = {
			isa = XCBuildConfiguration;
			buildSettings = {
				ALWAYS_EMBED_SWIFT_STANDARD_LIBRARIES = YES;
				BUNDLE_LOADER = "$(TEST_HOST)";
				CODE_SIGN_STYLE = Automatic;
				CURRENT_PROJECT_VERSION = 1;
				DEVELOPMENT_TEAM = GDKDK6KP5Z;
				GENERATE_INFOPLIST_FILE = YES;
				IPHONEOS_DEPLOYMENT_TARGET = 15.5;
				MARKETING_VERSION = 1.0;
				PRODUCT_BUNDLE_IDENTIFIER = "com.apple.sample.collectionview.Sample-CollectionViewTests";
				PRODUCT_NAME = "$(TARGET_NAME)";
				SWIFT_EMIT_LOC_STRINGS = NO;
				SWIFT_VERSION = 5.0;
				TARGETED_DEVICE_FAMILY = "1,2";
				TEST_HOST = "$(BUILT_PRODUCTS_DIR)/Sample_CollectionView.app/Sample_CollectionView";
			};
			name = Release;
		};
		90423B532882378E00F65E94 /* Debug */ = {
			isa = XCBuildConfiguration;
			buildSettings = {
				ALWAYS_EMBED_SWIFT_STANDARD_LIBRARIES = YES;
				CODE_SIGN_STYLE = Automatic;
				CURRENT_PROJECT_VERSION = 1;
				DEVELOPMENT_TEAM = GDKDK6KP5Z;
				GENERATE_INFOPLIST_FILE = YES;
				MARKETING_VERSION = 1.0;
				PRODUCT_BUNDLE_IDENTIFIER = "com.apple.sample.collectionview.Sample-CollectionViewUITests";
				PRODUCT_NAME = "$(TARGET_NAME)";
				SWIFT_EMIT_LOC_STRINGS = NO;
				SWIFT_VERSION = 5.0;
				TARGETED_DEVICE_FAMILY = "1,2";
				TEST_TARGET_NAME = Sample_CollectionView;
			};
			name = Debug;
		};
		90423B542882378E00F65E94 /* Release */ = {
			isa = XCBuildConfiguration;
			buildSettings = {
				ALWAYS_EMBED_SWIFT_STANDARD_LIBRARIES = YES;
				CODE_SIGN_STYLE = Automatic;
				CURRENT_PROJECT_VERSION = 1;
				DEVELOPMENT_TEAM = GDKDK6KP5Z;
				GENERATE_INFOPLIST_FILE = YES;
				MARKETING_VERSION = 1.0;
				PRODUCT_BUNDLE_IDENTIFIER = "com.apple.sample.collectionview.Sample-CollectionViewUITests";
				PRODUCT_NAME = "$(TARGET_NAME)";
				SWIFT_EMIT_LOC_STRINGS = NO;
				SWIFT_VERSION = 5.0;
				TARGETED_DEVICE_FAMILY = "1,2";
				TEST_TARGET_NAME = Sample_CollectionView;
			};
			name = Release;
		};
/* End XCBuildConfiguration section */

/* Begin XCConfigurationList section */
		90423B1D2882378C00F65E94 /* Build configuration list for PBXProject "Sample_CollectionView" */ = {
			isa = XCConfigurationList;
			buildConfigurations = (
				90423B4A2882378E00F65E94 /* Debug */,
				90423B4B2882378E00F65E94 /* Release */,
			);
			defaultConfigurationIsVisible = 0;
			defaultConfigurationName = Release;
		};
		90423B4C2882378E00F65E94 /* Build configuration list for PBXNativeTarget "Sample_CollectionView" */ = {
			isa = XCConfigurationList;
			buildConfigurations = (
				90423B4D2882378E00F65E94 /* Debug */,
				90423B4E2882378E00F65E94 /* Release */,
			);
			defaultConfigurationIsVisible = 0;
			defaultConfigurationName = Release;
		};
		90423B4F2882378E00F65E94 /* Build configuration list for PBXNativeTarget "Sample_CollectionViewTests" */ = {
			isa = XCConfigurationList;
			buildConfigurations = (
				90423B502882378E00F65E94 /* Debug */,
				90423B512882378E00F65E94 /* Release */,
			);
			defaultConfigurationIsVisible = 0;
			defaultConfigurationName = Release;
		};
		90423B522882378E00F65E94 /* Build configuration list for PBXNativeTarget "Sample_CollectionViewUITests" */ = {
			isa = XCConfigurationList;
			buildConfigurations = (
				90423B532882378E00F65E94 /* Debug */,
				90423B542882378E00F65E94 /* Release */,
			);
			defaultConfigurationIsVisible = 0;
			defaultConfigurationName = Release;
		};
/* End XCConfigurationList section */
	};
	rootObject = 90423B1A2882378C00F65E94 /* Project object */;
}
